
Microsoft Visual Studio Solution File, Format Version 11.00
# Visual Studio 2010
Project("{8BC9CEB8-8B4A-11D0-8D11-00A0C91BC942}") = "crecon", "crecon.vcxproj", "{6DD89E18-1584-42CC-82ED-2C829D0B7E59}"
EndProject
Global
	GlobalSection(SolutionConfigurationPlatforms) = preSolution
		Debug|Win32 = Debug|Win32
		Debug|x64 = Debug|x64
		Release|Win32 = Release|Win32
		Release|x64 = Release|x64
	EndGlobalSection
	GlobalSection(ProjectConfigurationPlatforms) = postSolution
		{6DD89E18-1584-42CC-82ED-2C829D0B7E59}.Debug|Win32.ActiveCfg = Debug|Win32
		{6DD89E18-1584-42CC-82ED-2C829D0B7E59}.Debug|Win32.Build.0 = Debug|Win32
		{6DD89E18-1584-42CC-82ED-2C829D0B7E59}.Debug|x64.ActiveCfg = Debug|x64
		{6DD89E18-1584-42CC-82ED-2C829D0B7E59}.Debug|x64.Build.0 = Debug|x64
		{6DD89E18-1584-42CC-82ED-2C829D0B7E59}.Release|Win32.ActiveCfg = Release|Win32
		{6DD89E18-1584-42CC-82ED-2C829D0B7E59}.Release|Win32.Build.0 = Release|Win32
		{6DD89E18-1584-42CC-82ED-2C829D0B7E59}.Release|x64.ActiveCfg = Release|x64
		{6DD89E18-1584-42CC-82ED-2C829D0B7E59}.Release|x64.Build.0 = Release|x64
	EndGlobalSection
	GlobalSection(SolutionProperties) = preSolution
		HideSolutionNode = FALSE
	EndGlobalSection
EndGlobal
